
Microsoft Visual Studio Solution File, Format Version 11.00
# Visual Studio 2010
Project("{2150E333-8FDC-42A3-9474-1A3956D46DE8}") = "2.KarateChop", "2.KarateChop", "{400E3B93-6424-4BCD-8C1F-48820BD0C2A3}"
EndProject
Project("{FAE04EC0-301F-11D3-BF4B-00C04F79EFBC}") = "KarateChop", "src\KarateChop\KarateChop.csproj", "{5A5166C7-D059-4454-8C7E-6ED648963B69}"
EndProject
Project("{FAE04EC0-301F-11D3-BF4B-00C04F79EFBC}") = "KarateChop.Unit.Tests", "src\KarateChop.Unit.Tests\KarateChop.Unit.Tests.csproj", "{540AC9AE-0C25-4B22-8B19-0D553E4629A7}"
EndProject
Global
	GlobalSection(SolutionConfigurationPlatforms) = preSolution
		Debug|Any CPU = Debug|Any CPU
		Release|Any CPU = Release|Any CPU
	EndGlobalSection
	GlobalSection(ProjectConfigurationPlatforms) = postSolution
		{540AC9AE-0C25-4B22-8B19-0D553E4629A7}.Debug|Any CPU.ActiveCfg = Debug|Any CPU
		{540AC9AE-0C25-4B22-8B19-0D553E4629A7}.Debug|Any CPU.Build.0 = Debug|Any CPU
		{540AC9AE-0C25-4B22-8B19-0D553E4629A7}.Release|Any CPU.ActiveCfg = Release|Any CPU
		{540AC9AE-0C25-4B22-8B19-0D553E4629A7}.Release|Any CPU.Build.0 = Release|Any CPU
		{5A5166C7-D059-4454-8C7E-6ED648963B69}.Debug|Any CPU.ActiveCfg = Debug|Any CPU
		{5A5166C7-D059-4454-8C7E-6ED648963B69}.Debug|Any CPU.Build.0 = Debug|Any CPU
		{5A5166C7-D059-4454-8C7E-6ED648963B69}.Release|Any CPU.ActiveCfg = Release|Any CPU
		{5A5166C7-D059-4454-8C7E-6ED648963B69}.Release|Any CPU.Build.0 = Release|Any CPU
	EndGlobalSection
	GlobalSection(NestedProjects) = preSolution
		{5A5166C7-D059-4454-8C7E-6ED648963B69} = {400E3B93-6424-4BCD-8C1F-48820BD0C2A3}
		{540AC9AE-0C25-4B22-8B19-0D553E4629A7} = {400E3B93-6424-4BCD-8C1F-48820BD0C2A3}
	EndGlobalSection
	GlobalSection(MonoDevelopProperties) = preSolution
		StartupItem = src\KarateChop\KarateChop.csproj
	EndGlobalSection
EndGlobal
